// !$*UTF8*$!
{
	archiveVersion = 1;
	classes = {
	};
	objectVersion = 56;
	objects = {

/* Begin PBXBuildFile section */
		756EF50F2C9C13B10026EB10 /* Bona_Puzzle_LandApp.swift in Sources */ = {isa = PBXBuildFile; fileRef = 756EF50E2C9C13B10026EB10 /* Bona_Puzzle_LandApp.swift */; };
		756EF5112C9C13B10026EB10 /* ContentView.swift in Sources */ = {isa = PBXBuildFile; fileRef = 756EF5102C9C13B10026EB10 /* ContentView.swift */; };
		756EF5132C9C13B30026EB10 /* Assets.xcassets in Resources */ = {isa = PBXBuildFile; fileRef = 756EF5122C9C13B30026EB10 /* Assets.xcassets */; };
		756EF5162C9C13B30026EB10 /* Preview Assets.xcassets in Resources */ = {isa = PBXBuildFile; fileRef = 756EF5152C9C13B30026EB10 /* Preview Assets.xcassets */; };
		756EF5202C9C13B40026EB10 /* Bona_Puzzle_LandTests.swift in Sources */ = {isa = PBXBuildFile; fileRef = 756EF51F2C9C13B40026EB10 /* Bona_Puzzle_LandTests.swift */; };
		756EF52A2C9C13B40026EB10 /* Bona_Puzzle_LandUITests.swift in Sources */ = {isa = PBXBuildFile; fileRef = 756EF5292C9C13B40026EB10 /* Bona_Puzzle_LandUITests.swift */; };
		756EF52C2C9C13B40026EB10 /* Bona_Puzzle_LandUITestsLaunchTests.swift in Sources */ = {isa = PBXBuildFile; fileRef = 756EF52B2C9C13B40026EB10 /* Bona_Puzzle_LandUITestsLaunchTests.swift */; };
/* End PBXBuildFile section */

/* Begin PBXContainerItemProxy section */
		756EF51C2C9C13B40026EB10 /* PBXContainerItemProxy */ = {
			isa = PBXContainerItemProxy;
			containerPortal = 756EF5032C9C13B10026EB10 /* Project object */;
			proxyType = 1;
			remoteGlobalIDString = 756EF50A2C9C13B10026EB10;
			remoteInfo = "Bona Puzzle Land";
		};
		756EF5262C9C13B40026EB10 /* PBXContainerItemProxy */ = {
			isa = PBXContainerItemProxy;
			containerPortal = 756EF5032C9C13B10026EB10 /* Project object */;
			proxyType = 1;
			remoteGlobalIDString = 756EF50A2C9C13B10026EB10;
			remoteInfo = "Bona Puzzle Land";
		};
/* End PBXContainerItemProxy section */

/* Begin PBXFileReference section */
		756EF50B2C9C13B10026EB10 /* Bona Puzzle Land.app */ = {isa = PBXFileReference; explicitFileType = wrapper.application; includeInIndex = 0; path = "Bona Puzzle Land.app"; sourceTree = BUILT_PRODUCTS_DIR; };
		756EF50E2C9C13B10026EB10 /* Bona_Puzzle_LandApp.swift */ = {isa = PBXFileReference; lastKnownFileType = sourcecode.swift; path = Bona_Puzzle_LandApp.swift; sourceTree = "<group>"; };
		756EF5102C9C13B10026EB10 /* ContentView.swift */ = {isa = PBXFileReference; lastKnownFileType = sourcecode.swift; path = ContentView.swift; sourceTree = "<group>"; };
		756EF5122C9C13B30026EB10 /* Assets.xcassets */ = {isa = PBXFileReference; lastKnownFileType = folder.assetcatalog; path = Assets.xcassets; sourceTree = "<group>"; };
		756EF5152C9C13B30026EB10 /* Preview Assets.xcassets */ = {isa = PBXFileReference; lastKnownFileType = folder.assetcatalog; path = "Preview Assets.xcassets"; sourceTree = "<group>"; };
		756EF51B2C9C13B40026EB10 /* Bona Puzzle LandTests.xctest */ = {isa = PBXFileReference; explicitFileType = wrapper.cfbundle; includeInIndex = 0; path = "Bona Puzzle LandTests.xctest"; sourceTree = BUILT_PRODUCTS_DIR; };
		756EF51F2C9C13B40026EB10 /* Bona_Puzzle_LandTests.swift */ = {isa = PBXFileReference; lastKnownFileType = sourcecode.swift; path = Bona_Puzzle_LandTests.swift; sourceTree = "<group>"; };
		756EF5252C9C13B40026EB10 /* Bona Puzzle LandUITests.xctest */ = {isa = PBXFileReference; explicitFileType = wrapper.cfbundle; includeInIndex = 0; path = "Bona Puzzle LandUITests.xctest"; sourceTree = BUILT_PRODUCTS_DIR; };
		756EF5292C9C13B40026EB10 /* Bona_Puzzle_LandUITests.swift */ = {isa = PBXFileReference; lastKnownFileType = sourcecode.swift; path = Bona_Puzzle_LandUITests.swift; sourceTree = "<group>"; };
		756EF52B2C9C13B40026EB10 /* Bona_Puzzle_LandUITestsLaunchTests.swift */ = {isa = PBXFileReference; lastKnownFileType = sourcecode.swift; path = Bona_Puzzle_LandUITestsLaunchTests.swift; sourceTree = "<group>"; };
/* End PBXFileReference section */

/* Begin PBXFrameworksBuildPhase section */
		756EF5082C9C13B10026EB10 /* Frameworks */ = {
			isa = PBXFrameworksBuildPhase;
			buildActionMask = 2147483647;
			files = (
			);
			runOnlyForDeploymentPostprocessing = 0;
		};
		756EF5182C9C13B40026EB10 /* Frameworks */ = {
			isa = PBXFrameworksBuildPhase;
			buildActionMask = 2147483647;
			files = (
			);
			runOnlyForDeploymentPostprocessing = 0;
		};
		756EF5222C9C13B40026EB10 /* Frameworks */ = {
			isa = PBXFrameworksBuildPhase;
			buildActionMask = 2147483647;
			files = (
			);
			runOnlyForDeploymentPostprocessing = 0;
		};
/* End PBXFrameworksBuildPhase section */

/* Begin PBXGroup section */
		756EF5022C9C13B10026EB10 = {
			isa = PBXGroup;
			children = (
				756EF50D2C9C13B10026EB10 /* Bona Puzzle Land */,
				756EF51E2C9C13B40026EB10 /* Bona Puzzle LandTests */,
				756EF5282C9C13B40026EB10 /* Bona Puzzle LandUITests */,
				756EF50C2C9C13B10026EB10 /* Products */,
			);
			sourceTree = "<group>";
		};
		756EF50C2C9C13B10026EB10 /* Products */ = {
			isa = PBXGroup;
			children = (
				756EF50B2C9C13B10026EB10 /* Bona Puzzle Land.app */,
				756EF51B2C9C13B40026EB10 /* Bona Puzzle LandTests.xctest */,
				756EF5252C9C13B40026EB10 /* Bona Puzzle LandUITests.xctest */,
			);
			name = Products;
			sourceTree = "<group>";
		};
		756EF50D2C9C13B10026EB10 /* Bona Puzzle Land */ = {
			isa = PBXGroup;
			children = (
				756EF50E2C9C13B10026EB10 /* Bona_Puzzle_LandApp.swift */,
				756EF5102C9C13B10026EB10 /* ContentView.swift */,
				756EF5122C9C13B30026EB10 /* Assets.xcassets */,
				756EF5142C9C13B30026EB10 /* Preview Content */,
			);
			path = "Bona Puzzle Land";
			sourceTree = "<group>";
		};
		756EF5142C9C13B30026EB10 /* Preview Content */ = {
			isa = PBXGroup;
			children = (
				756EF5152C9C13B30026EB10 /* Preview Assets.xcassets */,
			);
			path = "Preview Content";
			sourceTree = "<group>";
		};
		756EF51E2C9C13B40026EB10 /* Bona Puzzle LandTests */ = {
			isa = PBXGroup;
			children = (
				756EF51F2C9C13B40026EB10 /* Bona_Puzzle_LandTests.swift */,
			);
			path = "Bona Puzzle LandTests";
			sourceTree = "<group>";
		};
		756EF5282C9C13B40026EB10 /* Bona Puzzle LandUITests */ = {
			isa = PBXGroup;
			children = (
				756EF5292C9C13B40026EB10 /* Bona_Puzzle_LandUITests.swift */,
				756EF52B2C9C13B40026EB10 /* Bona_Puzzle_LandUITestsLaunchTests.swift */,
			);
			path = "Bona Puzzle LandUITests";
			sourceTree = "<group>";
		};
/* End PBXGroup section */

/* Begin PBXNativeTarget section */
		756EF50A2C9C13B10026EB10 /* Bona Puzzle Land */ = {
			isa = PBXNativeTarget;
			buildConfigurationList = 756EF52F2C9C13B40026EB10 /* Build configuration list for PBXNativeTarget "Bona Puzzle Land" */;
			buildPhases = (
				756EF5072C9C13B10026EB10 /* Sources */,
				756EF5082C9C13B10026EB10 /* Frameworks */,
				756EF5092C9C13B10026EB10 /* Resources */,
			);
			buildRules = (
			);
			dependencies = (
			);
			name = "Bona Puzzle Land";
			productName = "Bona Puzzle Land";
			productReference = 756EF50B2C9C13B10026EB10 /* Bona Puzzle Land.app */;
			productType = "com.apple.product-type.application";
		};
		756EF51A2C9C13B40026EB10 /* Bona Puzzle LandTests */ = {
			isa = PBXNativeTarget;
			buildConfigurationList = 756EF5322C9C13B40026EB10 /* Build configuration list for PBXNativeTarget "Bona Puzzle LandTests" */;
			buildPhases = (
				756EF5172C9C13B40026EB10 /* Sources */,
				756EF5182C9C13B40026EB10 /* Frameworks */,
				756EF5192C9C13B40026EB10 /* Resources */,
			);
			buildRules = (
			);
			dependencies = (
				756EF51D2C9C13B40026EB10 /* PBXTargetDependency */,
			);
			name = "Bona Puzzle LandTests";
			productName = "Bona Puzzle LandTests";
			productReference = 756EF51B2C9C13B40026EB10 /* Bona Puzzle LandTests.xctest */;
			productType = "com.apple.product-type.bundle.unit-test";
		};
		756EF5242C9C13B40026EB10 /* Bona Puzzle LandUITests */ = {
			isa = PBXNativeTarget;
			buildConfigurationList = 756EF5352C9C13B40026EB10 /* Build configuration list for PBXNativeTarget "Bona Puzzle LandUITests" */;
			buildPhases = (
				756EF5212C9C13B40026EB10 /* Sources */,
				756EF5222C9C13B40026EB10 /* Frameworks */,
				756EF5232C9C13B40026EB10 /* Resources */,
			);
			buildRules = (
			);
			dependencies = (
				756EF5272C9C13B40026EB10 /* PBXTargetDependency */,
			);
			name = "Bona Puzzle LandUITests";
			productName = "Bona Puzzle LandUITests";
			productReference = 756EF5252C9C13B40026EB10 /* Bona Puzzle LandUITests.xctest */;
			productType = "com.apple.product-type.bundle.ui-testing";
		};
/* End PBXNativeTarget section */

/* Begin PBXProject section */
		756EF5032C9C13B10026EB10 /* Project object */ = {
			isa = PBXProject;
			attributes = {
				BuildIndependentTargetsInParallel = 1;
				LastSwiftUpdateCheck = 1530;
				LastUpgradeCheck = 1530;
				TargetAttributes = {
					756EF50A2C9C13B10026EB10 = {
						CreatedOnToolsVersion = 15.3;
					};
					756EF51A2C9C13B40026EB10 = {
						CreatedOnToolsVersion = 15.3;
						TestTargetID = 756EF50A2C9C13B10026EB10;
					};
					756EF5242C9C13B40026EB10 = {
						CreatedOnToolsVersion = 15.3;
						TestTargetID = 756EF50A2C9C13B10026EB10;
					};
				};
			};
			buildConfigurationList = 756EF5062C9C13B10026EB10 /* Build configuration list for PBXProject "Bona Puzzle Land" */;
			compatibilityVersion = "Xcode 14.0";
			developmentRegion = en;
			hasScannedForEncodings = 0;
			knownRegions = (
				en,
				Base,
			);
			mainGroup = 756EF5022C9C13B10026EB10;
			productRefGroup = 756EF50C2C9C13B10026EB10 /* Products */;
			projectDirPath = "";
			projectRoot = "";
			targets = (
				756EF50A2C9C13B10026EB10 /* Bona Puzzle Land */,
				756EF51A2C9C13B40026EB10 /* Bona Puzzle LandTests */,
				756EF5242C9C13B40026EB10 /* Bona Puzzle LandUITests */,
			);
		};
/* End PBXProject section */

/* Begin PBXResourcesBuildPhase section */
		756EF5092C9C13B10026EB10 /* Resources */ = {
			isa = PBXResourcesBuildPhase;
			buildActionMask = 2147483647;
			files = (
				756EF5162C9C13B30026EB10 /* Preview Assets.xcassets in Resources */,
				756EF5132C9C13B30026EB10 /* Assets.xcassets in Resources */,
			);
			runOnlyForDeploymentPostprocessing = 0;
		};
		756EF5192C9C13B40026EB10 /* Resources */ = {
			isa = PBXResourcesBuildPhase;
			buildActionMask = 2147483647;
			files = (
			);
			runOnlyForDeploymentPostprocessing = 0;
		};
		756EF5232C9C13B40026EB10 /* Resources */ = {
			isa = PBXResourcesBuildPhase;
			buildActionMask = 2147483647;
			files = (
			);
			runOnlyForDeploymentPostprocessing = 0;
		};
/* End PBXResourcesBuildPhase section */

/* Begin PBXSourcesBuildPhase section */
		756EF5072C9C13B10026EB10 /* Sources */ = {
			isa = PBXSourcesBuildPhase;
			buildActionMask = 2147483647;
			files = (
				756EF5112C9C13B10026EB10 /* ContentView.swift in Sources */,
				756EF50F2C9C13B10026EB10 /* Bona_Puzzle_LandApp.swift in Sources */,
			);
			runOnlyForDeploymentPostprocessing = 0;
		};
		756EF5172C9C13B40026EB10 /* Sources */ = {
			isa = PBXSourcesBuildPhase;
			buildActionMask = 2147483647;
			files = (
				756EF5202C9C13B40026EB10 /* Bona_Puzzle_LandTests.swift in Sources */,
			);
			runOnlyForDeploymentPostprocessing = 0;
		};
		756EF5212C9C13B40026EB10 /* Sources */ = {
			isa = PBXSourcesBuildPhase;
			buildActionMask = 2147483647;
			files = (
				756EF52A2C9C13B40026EB10 /* Bona_Puzzle_LandUITests.swift in Sources */,
				756EF52C2C9C13B40026EB10 /* Bona_Puzzle_LandUITestsLaunchTests.swift in Sources */,
			);
			runOnlyForDeploymentPostprocessing = 0;
		};
/* End PBXSourcesBuildPhase section */

/* Begin PBXTargetDependency section */
		756EF51D2C9C13B40026EB10 /* PBXTargetDependency */ = {
			isa = PBXTargetDependency;
			target = 756EF50A2C9C13B10026EB10 /* Bona Puzzle Land */;
			targetProxy = 756EF51C2C9C13B40026EB10 /* PBXContainerItemProxy */;
		};
		756EF5272C9C13B40026EB10 /* PBXTargetDependency */ = {
			isa = PBXTargetDependency;
			target = 756EF50A2C9C13B10026EB10 /* Bona Puzzle Land */;
			targetProxy = 756EF5262C9C13B40026EB10 /* PBXContainerItemProxy */;
		};
/* End PBXTargetDependency section */

/* Begin XCBuildConfiguration section */
		756EF52D2C9C13B40026EB10 /* Debug */ = {
			isa = XCBuildConfiguration;
			buildSettings = {
				ALWAYS_SEARCH_USER_PATHS = NO;
				ASSETCATALOG_COMPILER_GENERATE_SWIFT_ASSET_SYMBOL_EXTENSIONS = YES;
				CLANG_ANALYZER_NONNULL = YES;
				CLANG_ANALYZER_NUMBER_OBJECT_CONVERSION = YES_AGGRESSIVE;
				CLANG_CXX_LANGUAGE_STANDARD = "gnu++20";
				CLANG_ENABLE_MODULES = YES;
				CLANG_ENABLE_OBJC_ARC = YES;
				CLANG_ENABLE_OBJC_WEAK = YES;
				CLANG_WARN_BLOCK_CAPTURE_AUTORELEASING = YES;
				CLANG_WARN_BOOL_CONVERSION = YES;
				CLANG_WARN_COMMA = YES;
				CLANG_WARN_CONSTANT_CONVERSION = YES;
				CLANG_WARN_DEPRECATED_OBJC_IMPLEMENTATIONS = YES;
				CLANG_WARN_DIRECT_OBJC_ISA_USAGE = YES_ERROR;
				CLANG_WARN_DOCUMENTATION_COMMENTS = YES;
				CLANG_WARN_EMPTY_BODY = YES;
				CLANG_WARN_ENUM_CONVERSION = YES;
				CLANG_WARN_INFINITE_RECURSION = YES;
				CLANG_WARN_INT_CONVERSION = YES;
				CLANG_WARN_NON_LITERAL_NULL_CONVERSION = YES;
				CLANG_WARN_OBJC_IMPLICIT_RETAIN_SELF = YES;
				CLANG_WARN_OBJC_LITERAL_CONVERSION = YES;
				CLANG_WARN_OBJC_ROOT_CLASS = YES_ERROR;
				CLANG_WARN_QUOTED_INCLUDE_IN_FRAMEWORK_HEADER = YES;
				CLANG_WARN_RANGE_LOOP_ANALYSIS = YES;
				CLANG_WARN_STRICT_PROTOTYPES = YES;
				CLANG_WARN_SUSPICIOUS_MOVE = YES;
				CLANG_WARN_UNGUARDED_AVAILABILITY = YES_AGGRESSIVE;
				CLANG_WARN_UNREACHABLE_CODE = YES;
				CLANG_WARN__DUPLICATE_METHOD_MATCH = YES;
				COPY_PHASE_STRIP = NO;
				DEBUG_INFORMATION_FORMAT = dwarf;
				ENABLE_STRICT_OBJC_MSGSEND = YES;
				ENABLE_TESTABILITY = YES;
				ENABLE_USER_SCRIPT_SANDBOXING = YES;
				GCC_C_LANGUAGE_STANDARD = gnu17;
				GCC_DYNAMIC_NO_PIC = NO;
				GCC_NO_COMMON_BLOCKS = YES;
				GCC_OPTIMIZATION_LEVEL = 0;
				GCC_PREPROCESSOR_DEFINITIONS = (
					"DEBUG=1",
					"$(inherited)",
				);
				GCC_WARN_64_TO_32_BIT_CONVERSION = YES;
				GCC_WARN_ABOUT_RETURN_TYPE = YES_ERROR;
				GCC_WARN_UNDECLARED_SELECTOR = YES;
				GCC_WARN_UNINITIALIZED_AUTOS = YES_AGGRESSIVE;
				GCC_WARN_UNUSED_FUNCTION = YES;
				GCC_WARN_UNUSED_VARIABLE = YES;
				IPHONEOS_DEPLOYMENT_TARGET = 17.4;
				LOCALIZATION_PREFERS_STRING_CATALOGS = YES;
				MTL_ENABLE_DEBUG_INFO = INCLUDE_SOURCE;
				MTL_FAST_MATH = YES;
				ONLY_ACTIVE_ARCH = YES;
				SDKROOT = iphoneos;
				SWIFT_ACTIVE_COMPILATION_CONDITIONS = "DEBUG $(inherited)";
				SWIFT_OPTIMIZATION_LEVEL = "-Onone";
			};
			name = Debug;
		};
		756EF52E2C9C13B40026EB10 /* Release */ = {
			isa = XCBuildConfiguration;
			buildSettings = {
				ALWAYS_SEARCH_USER_PATHS = NO;
				ASSETCATALOG_COMPILER_GENERATE_SWIFT_ASSET_SYMBOL_EXTENSIONS = YES;
				CLANG_ANALYZER_NONNULL = YES;
				CLANG_ANALYZER_NUMBER_OBJECT_CONVERSION = YES_AGGRESSIVE;
				CLANG_CXX_LANGUAGE_STANDARD = "gnu++20";
				CLANG_ENABLE_MODULES = YES;
				CLANG_ENABLE_OBJC_ARC = YES;
				CLANG_ENABLE_OBJC_WEAK = YES;
				CLANG_WARN_BLOCK_CAPTURE_AUTORELEASING = YES;
				CLANG_WARN_BOOL_CONVERSION = YES;
				CLANG_WARN_COMMA = YES;
				CLANG_WARN_CONSTANT_CONVERSION = YES;
				CLANG_WARN_DEPRECATED_OBJC_IMPLEMENTATIONS = YES;
				CLANG_WARN_DIRECT_OBJC_ISA_USAGE = YES_ERROR;
				CLANG_WARN_DOCUMENTATION_COMMENTS = YES;
				CLANG_WARN_EMPTY_BODY = YES;
				CLANG_WARN_ENUM_CONVERSION = YES;
				CLANG_WARN_INFINITE_RECURSION = YES;
				CLANG_WARN_INT_CONVERSION = YES;
				CLANG_WARN_NON_LITERAL_NULL_CONVERSION = YES;
				CLANG_WARN_OBJC_IMPLICIT_RETAIN_SELF = YES;
				CLANG_WARN_OBJC_LITERAL_CONVERSION = YES;
				CLANG_WARN_OBJC_ROOT_CLASS = YES_ERROR;
				CLANG_WARN_QUOTED_INCLUDE_IN_FRAMEWORK_HEADER = YES;
				CLANG_WARN_RANGE_LOOP_ANALYSIS = YES;
				CLANG_WARN_STRICT_PROTOTYPES = YES;
				CLANG_WARN_SUSPICIOUS_MOVE = YES;
				CLANG_WARN_UNGUARDED_AVAILABILITY = YES_AGGRESSIVE;
				CLANG_WARN_UNREACHABLE_CODE = YES;
				CLANG_WARN__DUPLICATE_METHOD_MATCH = YES;
				COPY_PHASE_STRIP = NO;
				DEBUG_INFORMATION_FORMAT = "dwarf-with-dsym";
				ENABLE_NS_ASSERTIONS = NO;
				ENABLE_STRICT_OBJC_MSGSEND = YES;
				ENABLE_USER_SCRIPT_SANDBOXING = YES;
				GCC_C_LANGUAGE_STANDARD = gnu17;
				GCC_NO_COMMON_BLOCKS = YES;
				GCC_WARN_64_TO_32_BIT_CONVERSION = YES;
				GCC_WARN_ABOUT_RETURN_TYPE = YES_ERROR;
				GCC_WARN_UNDECLARED_SELECTOR = YES;
				GCC_WARN_UNINITIALIZED_AUTOS = YES_AGGRESSIVE;
				GCC_WARN_UNUSED_FUNCTION = YES;
				GCC_WARN_UNUSED_VARIABLE = YES;
				IPHONEOS_DEPLOYMENT_TARGET = 17.4;
				LOCALIZATION_PREFERS_STRING_CATALOGS = YES;
				MTL_ENABLE_DEBUG_INFO = NO;
				MTL_FAST_MATH = YES;
				SDKROOT = iphoneos;
				SWIFT_COMPILATION_MODE = wholemodule;
				VALIDATE_PRODUCT = YES;
			};
			name = Release;
		};
		756EF5302C9C13B40026EB10 /* Debug */ = {
			isa = XCBuildConfiguration;
			buildSettings = {
				ASSETCATALOG_COMPILER_APPICON_NAME = AppIcon;
				ASSETCATALOG_COMPILER_GLOBAL_ACCENT_COLOR_NAME = AccentColor;
				CODE_SIGN_STYLE = Automatic;
				CURRENT_PROJECT_VERSION = 1;
				DEVELOPMENT_ASSET_PATHS = "\"Bona Puzzle Land/Preview Content\"";
				ENABLE_PREVIEWS = YES;
				GENERATE_INFOPLIST_FILE = YES;
				INFOPLIST_KEY_UIApplicationSceneManifest_Generation = YES;
				INFOPLIST_KEY_UIApplicationSupportsIndirectInputEvents = YES;
				INFOPLIST_KEY_UILaunchScreen_Generation = YES;
				INFOPLIST_KEY_UISupportedInterfaceOrientations_iPad = "UIInterfaceOrientationPortrait UIInterfaceOrientationPortraitUpsideDown UIInterfaceOrientationLandscapeLeft UIInterfaceOrientationLandscapeRight";
				INFOPLIST_KEY_UISupportedInterfaceOrientations_iPhone = "UIInterfaceOrientationPortrait UIInterfaceOrientationLandscapeLeft UIInterfaceOrientationLandscapeRight";
				LD_RUNPATH_SEARCH_PATHS = (
					"$(inherited)",
					"@executable_path/Frameworks",
				);
				MARKETING_VERSION = 1.0;
				PRODUCT_BUNDLE_IDENTIFIER = "com.-puzzle.land.Bona-Puzzle-Land";
				PRODUCT_NAME = "$(TARGET_NAME)";
				SWIFT_EMIT_LOC_STRINGS = YES;
				SWIFT_VERSION = 5.0;
				TARGETED_DEVICE_FAMILY = "1,2";
			};
			name = Debug;
		};
		756EF5312C9C13B40026EB10 /* Release */ = {
			isa = XCBuildConfiguration;
			buildSettings = {
				ASSETCATALOG_COMPILER_APPICON_NAME = AppIcon;
				ASSETCATALOG_COMPILER_GLOBAL_ACCENT_COLOR_NAME = AccentColor;
				CODE_SIGN_STYLE = Automatic;
				CURRENT_PROJECT_VERSION = 1;
				DEVELOPMENT_ASSET_PATHS = "\"Bona Puzzle Land/Preview Content\"";
				ENABLE_PREVIEWS = YES;
				GENERATE_INFOPLIST_FILE = YES;
				INFOPLIST_KEY_UIApplicationSceneManifest_Generation = YES;
				INFOPLIST_KEY_UIApplicationSupportsIndirectInputEvents = YES;
				INFOPLIST_KEY_UILaunchScreen_Generation = YES;
				INFOPLIST_KEY_UISupportedInterfaceOrientations_iPad = "UIInterfaceOrientationPortrait UIInterfaceOrientationPortraitUpsideDown UIInterfaceOrientationLandscapeLeft UIInterfaceOrientationLandscapeRight";
				INFOPLIST_KEY_UISupportedInterfaceOrientations_iPhone = "UIInterfaceOrientationPortrait UIInterfaceOrientationLandscapeLeft UIInterfaceOrientationLandscapeRight";
				LD_RUNPATH_SEARCH_PATHS = (
					"$(inherited)",
					"@executable_path/Frameworks",
				);
				MARKETING_VERSION = 1.0;
				PRODUCT_BUNDLE_IDENTIFIER = "com.-puzzle.land.Bona-Puzzle-Land";
				PRODUCT_NAME = "$(TARGET_NAME)";
				SWIFT_EMIT_LOC_STRINGS = YES;
				SWIFT_VERSION = 5.0;
				TARGETED_DEVICE_FAMILY = "1,2";
			};
			name = Release;
		};
		756EF5332C9C13B40026EB10 /* Debug */ = {
			isa = XCBuildConfiguration;
			buildSettings = {
				ALWAYS_EMBED_SWIFT_STANDARD_LIBRARIES = YES;
				BUNDLE_LOADER = "$(TEST_HOST)";
				CODE_SIGN_STYLE = Automatic;
				CURRENT_PROJECT_VERSION = 1;
				GENERATE_INFOPLIST_FILE = YES;
				IPHONEOS_DEPLOYMENT_TARGET = 17.4;
				MARKETING_VERSION = 1.0;
				PRODUCT_BUNDLE_IDENTIFIER = "com.-puzzle.land.Bona-Puzzle-LandTests";
				PRODUCT_NAME = "$(TARGET_NAME)";
				SWIFT_EMIT_LOC_STRINGS = NO;
				SWIFT_VERSION = 5.0;
				TARGETED_DEVICE_FAMILY = "1,2";
				TEST_HOST = "$(BUILT_PRODUCTS_DIR)/Bona Puzzle Land.app/$(BUNDLE_EXECUTABLE_FOLDER_PATH)/Bona Puzzle Land";
			};
			name = Debug;
		};
		756EF5342C9C13B40026EB10 /* Release */ = {
			isa = XCBuildConfiguration;
			buildSettings = {
				ALWAYS_EMBED_SWIFT_STANDARD_LIBRARIES = YES;
				BUNDLE_LOADER = "$(TEST_HOST)";
				CODE_SIGN_STYLE = Automatic;
				CURRENT_PROJECT_VERSION = 1;
				GENERATE_INFOPLIST_FILE = YES;
				IPHONEOS_DEPLOYMENT_TARGET = 17.4;
				MARKETING_VERSION = 1.0;
				PRODUCT_BUNDLE_IDENTIFIER = "com.-puzzle.land.Bona-Puzzle-LandTests";
				PRODUCT_NAME = "$(TARGET_NAME)";
				SWIFT_EMIT_LOC_STRINGS = NO;
				SWIFT_VERSION = 5.0;
				TARGETED_DEVICE_FAMILY = "1,2";
				TEST_HOST = "$(BUILT_PRODUCTS_DIR)/Bona Puzzle Land.app/$(BUNDLE_EXECUTABLE_FOLDER_PATH)/Bona Puzzle Land";
			};
			name = Release;
		};
		756EF5362C9C13B40026EB10 /* Debug */ = {
			isa = XCBuildConfiguration;
			buildSettings = {
				ALWAYS_EMBED_SWIFT_STANDARD_LIBRARIES = YES;
				CODE_SIGN_STYLE = Automatic;
				CURRENT_PROJECT_VERSION = 1;
				GENERATE_INFOPLIST_FILE = YES;
				MARKETING_VERSION = 1.0;
				PRODUCT_BUNDLE_IDENTIFIER = "com.-puzzle.land.Bona-Puzzle-LandUITests";
				PRODUCT_NAME = "$(TARGET_NAME)";
				SWIFT_EMIT_LOC_STRINGS = NO;
				SWIFT_VERSION = 5.0;
				TARGETED_DEVICE_FAMILY = "1,2";
				TEST_TARGET_NAME = "Bona Puzzle Land";
			};
			name = Debug;
		};
		756EF5372C9C13B40026EB10 /* Release */ = {
			isa = XCBuildConfiguration;
			buildSettings = {
				ALWAYS_EMBED_SWIFT_STANDARD_LIBRARIES = YES;
				CODE_SIGN_STYLE = Automatic;
				CURRENT_PROJECT_VERSION = 1;
				GENERATE_INFOPLIST_FILE = YES;
				MARKETING_VERSION = 1.0;
				PRODUCT_BUNDLE_IDENTIFIER = "com.-puzzle.land.Bona-Puzzle-LandUITests";
				PRODUCT_NAME = "$(TARGET_NAME)";
				SWIFT_EMIT_LOC_STRINGS = NO;
				SWIFT_VERSION = 5.0;
				TARGETED_DEVICE_FAMILY = "1,2";
				TEST_TARGET_NAME = "Bona Puzzle Land";
			};
			name = Release;
		};
/* End XCBuildConfiguration section */

/* Begin XCConfigurationList section */
		756EF5062C9C13B10026EB10 /* Build configuration list for PBXProject "Bona Puzzle Land" */ = {
			isa = XCConfigurationList;
			buildConfigurations = (
				756EF52D2C9C13B40026EB10 /* Debug */,
				756EF52E2C9C13B40026EB10 /* Release */,
			);
			defaultConfigurationIsVisible = 0;
			defaultConfigurationName = Release;
		};
		756EF52F2C9C13B40026EB10 /* Build configuration list for PBXNativeTarget "Bona Puzzle Land" */ = {
			isa = XCConfigurationList;
			buildConfigurations = (
				756EF5302C9C13B40026EB10 /* Debug */,
				756EF5312C9C13B40026EB10 /* Release */,
			);
			defaultConfigurationIsVisible = 0;
			defaultConfigurationName = Release;
		};
		756EF5322C9C13B40026EB10 /* Build configuration list for PBXNativeTarget "Bona Puzzle LandTests" */ = {
			isa = XCConfigurationList;
			buildConfigurations = (
				756EF5332C9C13B40026EB10 /* Debug */,
				756EF5342C9C13B40026EB10 /* Release */,
			);
			defaultConfigurationIsVisible = 0;
			defaultConfigurationName = Release;
		};
		756EF5352C9C13B40026EB10 /* Build configuration list for PBXNativeTarget "Bona Puzzle LandUITests" */ = {
			isa = XCConfigurationList;
			buildConfigurations = (
				756EF5362C9C13B40026EB10 /* Debug */,
				756EF5372C9C13B40026EB10 /* Release */,
			);
			defaultConfigurationIsVisible = 0;
			defaultConfigurationName = Release;
		};
/* End XCConfigurationList section */
	};
	rootObject = 756EF5032C9C13B10026EB10 /* Project object */;
}
